// !$*UTF8*$!
{
	archiveVersion = 1;
	classes = {
	};
	objectVersion = 56;
	objects = {

/* Begin PBXBuildFile section */
		E55999672B27402B001C20BE /* MyDayTodayApp.swift in Sources */ = {isa = PBXBuildFile; fileRef = E55999662B27402B001C20BE /* MyDayTodayApp.swift */; };
		E55999692B27402B001C20BE /* ContentView.swift in Sources */ = {isa = PBXBuildFile; fileRef = E55999682B27402B001C20BE /* ContentView.swift */; };
		E559996B2B27402B001C20BE /* Day.swift in Sources */ = {isa = PBXBuildFile; fileRef = E559996A2B27402B001C20BE /* Day.swift */; };
		E559996D2B27402D001C20BE /* Assets.xcassets in Resources */ = {isa = PBXBuildFile; fileRef = E559996C2B27402D001C20BE /* Assets.xcassets */; };
		E55999702B27402D001C20BE /* Preview Assets.xcassets in Resources */ = {isa = PBXBuildFile; fileRef = E559996F2B27402D001C20BE /* Preview Assets.xcassets */; };
		E559997A2B27402D001C20BE /* MyDayTodayTests.swift in Sources */ = {isa = PBXBuildFile; fileRef = E55999792B27402D001C20BE /* MyDayTodayTests.swift */; };
		E55999842B27402D001C20BE /* MyDayTodayUITests.swift in Sources */ = {isa = PBXBuildFile; fileRef = E55999832B27402D001C20BE /* MyDayTodayUITests.swift */; };
		E55999862B27402D001C20BE /* MyDayTodayUITestsLaunchTests.swift in Sources */ = {isa = PBXBuildFile; fileRef = E55999852B27402D001C20BE /* MyDayTodayUITestsLaunchTests.swift */; };
		E55999972B27429B001C20BE /* MainViewModel.swift in Sources */ = {isa = PBXBuildFile; fileRef = E55999962B27429B001C20BE /* MainViewModel.swift */; };
		E55999992B27438B001C20BE /* AppearModifier.swift in Sources */ = {isa = PBXBuildFile; fileRef = E55999982B27438B001C20BE /* AppearModifier.swift */; };
		E55E3E9A2B2B924D006542BA /* EmojiAppear.swift in Sources */ = {isa = PBXBuildFile; fileRef = E55E3E992B2B924D006542BA /* EmojiAppear.swift */; };
		E575534E2B28A7C200EBAE78 /* DispatchWorker.swift in Sources */ = {isa = PBXBuildFile; fileRef = E575534D2B28A7C200EBAE78 /* DispatchWorker.swift */; };
		E57553502B28A7DF00EBAE78 /* AlertView.swift in Sources */ = {isa = PBXBuildFile; fileRef = E575534F2B28A7DF00EBAE78 /* AlertView.swift */; };
		E57553522B28A80300EBAE78 /* AlertContent.swift in Sources */ = {isa = PBXBuildFile; fileRef = E57553512B28A80300EBAE78 /* AlertContent.swift */; };
		E57553542B28DF0B00EBAE78 /* MoodView.swift in Sources */ = {isa = PBXBuildFile; fileRef = E57553532B28DF0B00EBAE78 /* MoodView.swift */; };
		E57553562B28E37900EBAE78 /* DarkView.swift in Sources */ = {isa = PBXBuildFile; fileRef = E57553552B28E37900EBAE78 /* DarkView.swift */; };
		E57553582B28E87B00EBAE78 /* CustomSlider.swift in Sources */ = {isa = PBXBuildFile; fileRef = E57553572B28E87B00EBAE78 /* CustomSlider.swift */; };
/* End PBXBuildFile section */

/* Begin PBXContainerItemProxy section */
		E55999762B27402D001C20BE /* PBXContainerItemProxy */ = {
			isa = PBXContainerItemProxy;
			containerPortal = E559995B2B27402B001C20BE /* Project object */;
			proxyType = 1;
			remoteGlobalIDString = E55999622B27402B001C20BE;
			remoteInfo = MyDayToday;
		};
		E55999802B27402D001C20BE /* PBXContainerItemProxy */ = {
			isa = PBXContainerItemProxy;
			containerPortal = E559995B2B27402B001C20BE /* Project object */;
			proxyType = 1;
			remoteGlobalIDString = E55999622B27402B001C20BE;
			remoteInfo = MyDayToday;
		};
/* End PBXContainerItemProxy section */

/* Begin PBXFileReference section */
		E55999632B27402B001C20BE /* MyDayToday.app */ = {isa = PBXFileReference; explicitFileType = wrapper.application; includeInIndex = 0; path = MyDayToday.app; sourceTree = BUILT_PRODUCTS_DIR; };
		E55999662B27402B001C20BE /* MyDayTodayApp.swift */ = {isa = PBXFileReference; lastKnownFileType = sourcecode.swift; path = MyDayTodayApp.swift; sourceTree = "<group>"; };
		E55999682B27402B001C20BE /* ContentView.swift */ = {isa = PBXFileReference; lastKnownFileType = sourcecode.swift; path = ContentView.swift; sourceTree = "<group>"; };
		E559996A2B27402B001C20BE /* Day.swift */ = {isa = PBXFileReference; lastKnownFileType = sourcecode.swift; path = Day.swift; sourceTree = "<group>"; };
		E559996C2B27402D001C20BE /* Assets.xcassets */ = {isa = PBXFileReference; lastKnownFileType = folder.assetcatalog; path = Assets.xcassets; sourceTree = "<group>"; };
		E559996F2B27402D001C20BE /* Preview Assets.xcassets */ = {isa = PBXFileReference; lastKnownFileType = folder.assetcatalog; path = "Preview Assets.xcassets"; sourceTree = "<group>"; };
		E55999752B27402D001C20BE /* MyDayTodayTests.xctest */ = {isa = PBXFileReference; explicitFileType = wrapper.cfbundle; includeInIndex = 0; path = MyDayTodayTests.xctest; sourceTree = BUILT_PRODUCTS_DIR; };
		E55999792B27402D001C20BE /* MyDayTodayTests.swift */ = {isa = PBXFileReference; lastKnownFileType = sourcecode.swift; path = MyDayTodayTests.swift; sourceTree = "<group>"; };
		E559997F2B27402D001C20BE /* MyDayTodayUITests.xctest */ = {isa = PBXFileReference; explicitFileType = wrapper.cfbundle; includeInIndex = 0; path = MyDayTodayUITests.xctest; sourceTree = BUILT_PRODUCTS_DIR; };
		E55999832B27402D001C20BE /* MyDayTodayUITests.swift */ = {isa = PBXFileReference; lastKnownFileType = sourcecode.swift; path = MyDayTodayUITests.swift; sourceTree = "<group>"; };
		E55999852B27402D001C20BE /* MyDayTodayUITestsLaunchTests.swift */ = {isa = PBXFileReference; lastKnownFileType = sourcecode.swift; path = MyDayTodayUITestsLaunchTests.swift; sourceTree = "<group>"; };
		E55999962B27429B001C20BE /* MainViewModel.swift */ = {isa = PBXFileReference; lastKnownFileType = sourcecode.swift; path = MainViewModel.swift; sourceTree = "<group>"; };
		E55999982B27438B001C20BE /* AppearModifier.swift */ = {isa = PBXFileReference; lastKnownFileType = sourcecode.swift; path = AppearModifier.swift; sourceTree = "<group>"; };
		E55E3E992B2B924D006542BA /* EmojiAppear.swift */ = {isa = PBXFileReference; lastKnownFileType = sourcecode.swift; path = EmojiAppear.swift; sourceTree = "<group>"; };
		E575534D2B28A7C200EBAE78 /* DispatchWorker.swift */ = {isa = PBXFileReference; lastKnownFileType = sourcecode.swift; path = DispatchWorker.swift; sourceTree = "<group>"; };
		E575534F2B28A7DF00EBAE78 /* AlertView.swift */ = {isa = PBXFileReference; lastKnownFileType = sourcecode.swift; path = AlertView.swift; sourceTree = "<group>"; };
		E57553512B28A80300EBAE78 /* AlertContent.swift */ = {isa = PBXFileReference; lastKnownFileType = sourcecode.swift; path = AlertContent.swift; sourceTree = "<group>"; };
		E57553532B28DF0B00EBAE78 /* MoodView.swift */ = {isa = PBXFileReference; lastKnownFileType = sourcecode.swift; path = MoodView.swift; sourceTree = "<group>"; };
		E57553552B28E37900EBAE78 /* DarkView.swift */ = {isa = PBXFileReference; lastKnownFileType = sourcecode.swift; path = DarkView.swift; sourceTree = "<group>"; };
		E57553572B28E87B00EBAE78 /* CustomSlider.swift */ = {isa = PBXFileReference; lastKnownFileType = sourcecode.swift; path = CustomSlider.swift; sourceTree = "<group>"; };
/* End PBXFileReference section */

/* Begin PBXFrameworksBuildPhase section */
		E55999602B27402B001C20BE /* Frameworks */ = {
			isa = PBXFrameworksBuildPhase;
			buildActionMask = 2147483647;
			files = (
			);
			runOnlyForDeploymentPostprocessing = 0;
		};
		E55999722B27402D001C20BE /* Frameworks */ = {
			isa = PBXFrameworksBuildPhase;
			buildActionMask = 2147483647;
			files = (
			);
			runOnlyForDeploymentPostprocessing = 0;
		};
		E559997C2B27402D001C20BE /* Frameworks */ = {
			isa = PBXFrameworksBuildPhase;
			buildActionMask = 2147483647;
			files = (
			);
			runOnlyForDeploymentPostprocessing = 0;
		};
/* End PBXFrameworksBuildPhase section */

/* Begin PBXGroup section */
		E508D3972B33818A003F7B1C /* Screens */ = {
			isa = PBXGroup;
			children = (
				E55999682B27402B001C20BE /* ContentView.swift */,
				E57553532B28DF0B00EBAE78 /* MoodView.swift */,
			);
			path = Screens;
			sourceTree = "<group>";
		};
		E559995A2B27402B001C20BE = {
			isa = PBXGroup;
			children = (
				E55999652B27402B001C20BE /* MyDayToday */,
				E55999782B27402D001C20BE /* MyDayTodayTests */,
				E55999822B27402D001C20BE /* MyDayTodayUITests */,
				E55999642B27402B001C20BE /* Products */,
			);
			sourceTree = "<group>";
		};
		E55999642B27402B001C20BE /* Products */ = {
			isa = PBXGroup;
			children = (
				E55999632B27402B001C20BE /* MyDayToday.app */,
				E55999752B27402D001C20BE /* MyDayTodayTests.xctest */,
				E559997F2B27402D001C20BE /* MyDayTodayUITests.xctest */,
			);
			name = Products;
			sourceTree = "<group>";
		};
		E55999652B27402B001C20BE /* MyDayToday */ = {
			isa = PBXGroup;
			children = (
				E55999922B27410F001C20BE /* Presentation */,
				E55999942B274127001C20BE /* Logic */,
				E55999932B274121001C20BE /* Data */,
				E55999952B27414A001C20BE /* Support */,
				E559996E2B27402D001C20BE /* Preview Content */,
			);
			path = MyDayToday;
			sourceTree = "<group>";
		};
		E559996E2B27402D001C20BE /* Preview Content */ = {
			isa = PBXGroup;
			children = (
				E559996F2B27402D001C20BE /* Preview Assets.xcassets */,
			);
			path = "Preview Content";
			sourceTree = "<group>";
		};
		E55999782B27402D001C20BE /* MyDayTodayTests */ = {
			isa = PBXGroup;
			children = (
				E55999792B27402D001C20BE /* MyDayTodayTests.swift */,
			);
			path = MyDayTodayTests;
			sourceTree = "<group>";
		};
		E55999822B27402D001C20BE /* MyDayTodayUITests */ = {
			isa = PBXGroup;
			children = (
				E55999832B27402D001C20BE /* MyDayTodayUITests.swift */,
				E55999852B27402D001C20BE /* MyDayTodayUITestsLaunchTests.swift */,
			);
			path = MyDayTodayUITests;
			sourceTree = "<group>";
		};
		E55999922B27410F001C20BE /* Presentation */ = {
			isa = PBXGroup;
			children = (
				E575534B2B28A7AE00EBAE78 /* Subviews */,
				E508D3972B33818A003F7B1C /* Screens */,
			);
			path = Presentation;
			sourceTree = "<group>";
		};
		E55999932B274121001C20BE /* Data */ = {
			isa = PBXGroup;
			children = (
				E559996A2B27402B001C20BE /* Day.swift */,
			);
			path = Data;
			sourceTree = "<group>";
		};
		E55999942B274127001C20BE /* Logic */ = {
			isa = PBXGroup;
			children = (
				E55999962B27429B001C20BE /* MainViewModel.swift */,
			);
			path = Logic;
			sourceTree = "<group>";
		};
		E55999952B27414A001C20BE /* Support */ = {
			isa = PBXGroup;
			children = (
				E559996C2B27402D001C20BE /* Assets.xcassets */,
				E55999662B27402B001C20BE /* MyDayTodayApp.swift */,
				E55999982B27438B001C20BE /* AppearModifier.swift */,
				E55E3E992B2B924D006542BA /* EmojiAppear.swift */,
			);
			path = Support;
			sourceTree = "<group>";
		};
		E575534B2B28A7AE00EBAE78 /* Subviews */ = {
			isa = PBXGroup;
			children = (
				E575534C2B28A7B400EBAE78 /* Alert */,
				E57553552B28E37900EBAE78 /* DarkView.swift */,
				E57553572B28E87B00EBAE78 /* CustomSlider.swift */,
			);
			path = Subviews;
			sourceTree = "<group>";
		};
		E575534C2B28A7B400EBAE78 /* Alert */ = {
			isa = PBXGroup;
			children = (
				E575534D2B28A7C200EBAE78 /* DispatchWorker.swift */,
				E575534F2B28A7DF00EBAE78 /* AlertView.swift */,
				E57553512B28A80300EBAE78 /* AlertContent.swift */,
			);
			path = Alert;
			sourceTree = "<group>";
		};
/* End PBXGroup section */

/* Begin PBXNativeTarget section */
		E55999622B27402B001C20BE /* MyDayToday */ = {
			isa = PBXNativeTarget;
			buildConfigurationList = E55999892B27402D001C20BE /* Build configuration list for PBXNativeTarget "MyDayToday" */;
			buildPhases = (
				E559995F2B27402B001C20BE /* Sources */,
				E55999602B27402B001C20BE /* Frameworks */,
				E55999612B27402B001C20BE /* Resources */,
			);
			buildRules = (
			);
			dependencies = (
			);
			name = MyDayToday;
			productName = MyDayToday;
			productReference = E55999632B27402B001C20BE /* MyDayToday.app */;
			productType = "com.apple.product-type.application";
		};
		E55999742B27402D001C20BE /* MyDayTodayTests */ = {
			isa = PBXNativeTarget;
			buildConfigurationList = E559998C2B27402D001C20BE /* Build configuration list for PBXNativeTarget "MyDayTodayTests" */;
			buildPhases = (
				E55999712B27402D001C20BE /* Sources */,
				E55999722B27402D001C20BE /* Frameworks */,
				E55999732B27402D001C20BE /* Resources */,
			);
			buildRules = (
			);
			dependencies = (
				E55999772B27402D001C20BE /* PBXTargetDependency */,
			);
			name = MyDayTodayTests;
			productName = MyDayTodayTests;
			productReference = E55999752B27402D001C20BE /* MyDayTodayTests.xctest */;
			productType = "com.apple.product-type.bundle.unit-test";
		};
		E559997E2B27402D001C20BE /* MyDayTodayUITests */ = {
			isa = PBXNativeTarget;
			buildConfigurationList = E559998F2B27402D001C20BE /* Build configuration list for PBXNativeTarget "MyDayTodayUITests" */;
			buildPhases = (
				E559997B2B27402D001C20BE /* Sources */,
				E559997C2B27402D001C20BE /* Frameworks */,
				E559997D2B27402D001C20BE /* Resources */,
			);
			buildRules = (
			);
			dependencies = (
				E55999812B27402D001C20BE /* PBXTargetDependency */,
			);
			name = MyDayTodayUITests;
			productName = MyDayTodayUITests;
			productReference = E559997F2B27402D001C20BE /* MyDayTodayUITests.xctest */;
			productType = "com.apple.product-type.bundle.ui-testing";
		};
/* End PBXNativeTarget section */

/* Begin PBXProject section */
		E559995B2B27402B001C20BE /* Project object */ = {
			isa = PBXProject;
			attributes = {
				BuildIndependentTargetsInParallel = 1;
				LastSwiftUpdateCheck = 1500;
				LastUpgradeCheck = 1500;
				TargetAttributes = {
					E55999622B27402B001C20BE = {
						CreatedOnToolsVersion = 15.0.1;
					};
					E55999742B27402D001C20BE = {
						CreatedOnToolsVersion = 15.0.1;
						TestTargetID = E55999622B27402B001C20BE;
					};
					E559997E2B27402D001C20BE = {
						CreatedOnToolsVersion = 15.0.1;
						TestTargetID = E55999622B27402B001C20BE;
					};
				};
			};
			buildConfigurationList = E559995E2B27402B001C20BE /* Build configuration list for PBXProject "MyDayToday" */;
			compatibilityVersion = "Xcode 14.0";
			developmentRegion = en;
			hasScannedForEncodings = 0;
			knownRegions = (
				en,
				Base,
			);
			mainGroup = E559995A2B27402B001C20BE;
			productRefGroup = E55999642B27402B001C20BE /* Products */;
			projectDirPath = "";
			projectRoot = "";
			targets = (
				E55999622B27402B001C20BE /* MyDayToday */,
				E55999742B27402D001C20BE /* MyDayTodayTests */,
				E559997E2B27402D001C20BE /* MyDayTodayUITests */,
			);
		};
/* End PBXProject section */

/* Begin PBXResourcesBuildPhase section */
		E55999612B27402B001C20BE /* Resources */ = {
			isa = PBXResourcesBuildPhase;
			buildActionMask = 2147483647;
			files = (
				E55999702B27402D001C20BE /* Preview Assets.xcassets in Resources */,
				E559996D2B27402D001C20BE /* Assets.xcassets in Resources */,
			);
			runOnlyForDeploymentPostprocessing = 0;
		};
		E55999732B27402D001C20BE /* Resources */ = {
			isa = PBXResourcesBuildPhase;
			buildActionMask = 2147483647;
			files = (
			);
			runOnlyForDeploymentPostprocessing = 0;
		};
		E559997D2B27402D001C20BE /* Resources */ = {
			isa = PBXResourcesBuildPhase;
			buildActionMask = 2147483647;
			files = (
			);
			runOnlyForDeploymentPostprocessing = 0;
		};
/* End PBXResourcesBuildPhase section */

/* Begin PBXSourcesBuildPhase section */
		E559995F2B27402B001C20BE /* Sources */ = {
			isa = PBXSourcesBuildPhase;
			buildActionMask = 2147483647;
			files = (
				E57553562B28E37900EBAE78 /* DarkView.swift in Sources */,
				E57553522B28A80300EBAE78 /* AlertContent.swift in Sources */,
				E57553582B28E87B00EBAE78 /* CustomSlider.swift in Sources */,
				E55999992B27438B001C20BE /* AppearModifier.swift in Sources */,
				E55999692B27402B001C20BE /* ContentView.swift in Sources */,
				E55E3E9A2B2B924D006542BA /* EmojiAppear.swift in Sources */,
				E57553502B28A7DF00EBAE78 /* AlertView.swift in Sources */,
				E559996B2B27402B001C20BE /* Day.swift in Sources */,
				E55999672B27402B001C20BE /* MyDayTodayApp.swift in Sources */,
				E55999972B27429B001C20BE /* MainViewModel.swift in Sources */,
				E57553542B28DF0B00EBAE78 /* MoodView.swift in Sources */,
				E575534E2B28A7C200EBAE78 /* DispatchWorker.swift in Sources */,
			);
			runOnlyForDeploymentPostprocessing = 0;
		};
		E55999712B27402D001C20BE /* Sources */ = {
			isa = PBXSourcesBuildPhase;
			buildActionMask = 2147483647;
			files = (
				E559997A2B27402D001C20BE /* MyDayTodayTests.swift in Sources */,
			);
			runOnlyForDeploymentPostprocessing = 0;
		};
		E559997B2B27402D001C20BE /* Sources */ = {
			isa = PBXSourcesBuildPhase;
			buildActionMask = 2147483647;
			files = (
				E55999842B27402D001C20BE /* MyDayTodayUITests.swift in Sources */,
				E55999862B27402D001C20BE /* MyDayTodayUITestsLaunchTests.swift in Sources */,
			);
			runOnlyForDeploymentPostprocessing = 0;
		};
/* End PBXSourcesBuildPhase section */

/* Begin PBXTargetDependency section */
		E55999772B27402D001C20BE /* PBXTargetDependency */ = {
			isa = PBXTargetDependency;
			target = E55999622B27402B001C20BE /* MyDayToday */;
			targetProxy = E55999762B27402D001C20BE /* PBXContainerItemProxy */;
		};
		E55999812B27402D001C20BE /* PBXTargetDependency */ = {
			isa = PBXTargetDependency;
			target = E55999622B27402B001C20BE /* MyDayToday */;
			targetProxy = E55999802B27402D001C20BE /* PBXContainerItemProxy */;
		};
/* End PBXTargetDependency section */

/* Begin XCBuildConfiguration section */
		E55999872B27402D001C20BE /* Debug */ = {
			isa = XCBuildConfiguration;
			buildSettings = {
				ALWAYS_SEARCH_USER_PATHS = NO;
				ASSETCATALOG_COMPILER_GENERATE_SWIFT_ASSET_SYMBOL_EXTENSIONS = YES;
				CLANG_ANALYZER_NONNULL = YES;
				CLANG_ANALYZER_NUMBER_OBJECT_CONVERSION = YES_AGGRESSIVE;
				CLANG_CXX_LANGUAGE_STANDARD = "gnu++20";
				CLANG_ENABLE_MODULES = YES;
				CLANG_ENABLE_OBJC_ARC = YES;
				CLANG_ENABLE_OBJC_WEAK = YES;
				CLANG_WARN_BLOCK_CAPTURE_AUTORELEASING = YES;
				CLANG_WARN_BOOL_CONVERSION = YES;
				CLANG_WARN_COMMA = YES;
				CLANG_WARN_CONSTANT_CONVERSION = YES;
				CLANG_WARN_DEPRECATED_OBJC_IMPLEMENTATIONS = YES;
				CLANG_WARN_DIRECT_OBJC_ISA_USAGE = YES_ERROR;
				CLANG_WARN_DOCUMENTATION_COMMENTS = YES;
				CLANG_WARN_EMPTY_BODY = YES;
				CLANG_WARN_ENUM_CONVERSION = YES;
				CLANG_WARN_INFINITE_RECURSION = YES;
				CLANG_WARN_INT_CONVERSION = YES;
				CLANG_WARN_NON_LITERAL_NULL_CONVERSION = YES;
				CLANG_WARN_OBJC_IMPLICIT_RETAIN_SELF = YES;
				CLANG_WARN_OBJC_LITERAL_CONVERSION = YES;
				CLANG_WARN_OBJC_ROOT_CLASS = YES_ERROR;
				CLANG_WARN_QUOTED_INCLUDE_IN_FRAMEWORK_HEADER = YES;
				CLANG_WARN_RANGE_LOOP_ANALYSIS = YES;
				CLANG_WARN_STRICT_PROTOTYPES = YES;
				CLANG_WARN_SUSPICIOUS_MOVE = YES;
				CLANG_WARN_UNGUARDED_AVAILABILITY = YES_AGGRESSIVE;
				CLANG_WARN_UNREACHABLE_CODE = YES;
				CLANG_WARN__DUPLICATE_METHOD_MATCH = YES;
				COPY_PHASE_STRIP = NO;
				DEBUG_INFORMATION_FORMAT = dwarf;
				ENABLE_STRICT_OBJC_MSGSEND = YES;
				ENABLE_TESTABILITY = YES;
				ENABLE_USER_SCRIPT_SANDBOXING = YES;
				GCC_C_LANGUAGE_STANDARD = gnu17;
				GCC_DYNAMIC_NO_PIC = NO;
				GCC_NO_COMMON_BLOCKS = YES;
				GCC_OPTIMIZATION_LEVEL = 0;
				GCC_PREPROCESSOR_DEFINITIONS = (
					"DEBUG=1",
					"$(inherited)",
				);
				GCC_WARN_64_TO_32_BIT_CONVERSION = YES;
				GCC_WARN_ABOUT_RETURN_TYPE = YES_ERROR;
				GCC_WARN_UNDECLARED_SELECTOR = YES;
				GCC_WARN_UNINITIALIZED_AUTOS = YES_AGGRESSIVE;
				GCC_WARN_UNUSED_FUNCTION = YES;
				GCC_WARN_UNUSED_VARIABLE = YES;
				IPHONEOS_DEPLOYMENT_TARGET = 17.0;
				LOCALIZATION_PREFERS_STRING_CATALOGS = YES;
				MTL_ENABLE_DEBUG_INFO = INCLUDE_SOURCE;
				MTL_FAST_MATH = YES;
				ONLY_ACTIVE_ARCH = YES;
				SDKROOT = iphoneos;
				SWIFT_ACTIVE_COMPILATION_CONDITIONS = "DEBUG $(inherited)";
				SWIFT_OPTIMIZATION_LEVEL = "-Onone";
			};
			name = Debug;
		};
		E55999882B27402D001C20BE /* Release */ = {
			isa = XCBuildConfiguration;
			buildSettings = {
				ALWAYS_SEARCH_USER_PATHS = NO;
				ASSETCATALOG_COMPILER_GENERATE_SWIFT_ASSET_SYMBOL_EXTENSIONS = YES;
				CLANG_ANALYZER_NONNULL = YES;
				CLANG_ANALYZER_NUMBER_OBJECT_CONVERSION = YES_AGGRESSIVE;
				CLANG_CXX_LANGUAGE_STANDARD = "gnu++20";
				CLANG_ENABLE_MODULES = YES;
				CLANG_ENABLE_OBJC_ARC = YES;
				CLANG_ENABLE_OBJC_WEAK = YES;
				CLANG_WARN_BLOCK_CAPTURE_AUTORELEASING = YES;
				CLANG_WARN_BOOL_CONVERSION = YES;
				CLANG_WARN_COMMA = YES;
				CLANG_WARN_CONSTANT_CONVERSION = YES;
				CLANG_WARN_DEPRECATED_OBJC_IMPLEMENTATIONS = YES;
				CLANG_WARN_DIRECT_OBJC_ISA_USAGE = YES_ERROR;
				CLANG_WARN_DOCUMENTATION_COMMENTS = YES;
				CLANG_WARN_EMPTY_BODY = YES;
				CLANG_WARN_ENUM_CONVERSION = YES;
				CLANG_WARN_INFINITE_RECURSION = YES;
				CLANG_WARN_INT_CONVERSION = YES;
				CLANG_WARN_NON_LITERAL_NULL_CONVERSION = YES;
				CLANG_WARN_OBJC_IMPLICIT_RETAIN_SELF = YES;
				CLANG_WARN_OBJC_LITERAL_CONVERSION = YES;
				CLANG_WARN_OBJC_ROOT_CLASS = YES_ERROR;
				CLANG_WARN_QUOTED_INCLUDE_IN_FRAMEWORK_HEADER = YES;
				CLANG_WARN_RANGE_LOOP_ANALYSIS = YES;
				CLANG_WARN_STRICT_PROTOTYPES = YES;
				CLANG_WARN_SUSPICIOUS_MOVE = YES;
				CLANG_WARN_UNGUARDED_AVAILABILITY = YES_AGGRESSIVE;
				CLANG_WARN_UNREACHABLE_CODE = YES;
				CLANG_WARN__DUPLICATE_METHOD_MATCH = YES;
				COPY_PHASE_STRIP = NO;
				DEBUG_INFORMATION_FORMAT = "dwarf-with-dsym";
				ENABLE_NS_ASSERTIONS = NO;
				ENABLE_STRICT_OBJC_MSGSEND = YES;
				ENABLE_USER_SCRIPT_SANDBOXING = YES;
				GCC_C_LANGUAGE_STANDARD = gnu17;
				GCC_NO_COMMON_BLOCKS = YES;
				GCC_WARN_64_TO_32_BIT_CONVERSION = YES;
				GCC_WARN_ABOUT_RETURN_TYPE = YES_ERROR;
				GCC_WARN_UNDECLARED_SELECTOR = YES;
				GCC_WARN_UNINITIALIZED_AUTOS = YES_AGGRESSIVE;
				GCC_WARN_UNUSED_FUNCTION = YES;
				GCC_WARN_UNUSED_VARIABLE = YES;
				IPHONEOS_DEPLOYMENT_TARGET = 17.0;
				LOCALIZATION_PREFERS_STRING_CATALOGS = YES;
				MTL_ENABLE_DEBUG_INFO = NO;
				MTL_FAST_MATH = YES;
				SDKROOT = iphoneos;
				SWIFT_COMPILATION_MODE = wholemodule;
				VALIDATE_PRODUCT = YES;
			};
			name = Release;
		};
		E559998A2B27402D001C20BE /* Debug */ = {
			isa = XCBuildConfiguration;
			buildSettings = {
				ASSETCATALOG_COMPILER_APPICON_NAME = AppIcon;
				ASSETCATALOG_COMPILER_GLOBAL_ACCENT_COLOR_NAME = AccentColor;
				CODE_SIGN_STYLE = Automatic;
				CURRENT_PROJECT_VERSION = 1;
				DEVELOPMENT_ASSET_PATHS = "\"MyDayToday/Preview Content\"";
				DEVELOPMENT_TEAM = 5PVHGUKPAW;
				ENABLE_PREVIEWS = YES;
				GENERATE_INFOPLIST_FILE = YES;
				INFOPLIST_KEY_UIApplicationSceneManifest_Generation = YES;
				INFOPLIST_KEY_UIApplicationSupportsIndirectInputEvents = YES;
				INFOPLIST_KEY_UILaunchScreen_Generation = YES;
				INFOPLIST_KEY_UISupportedInterfaceOrientations_iPad = "UIInterfaceOrientationPortrait UIInterfaceOrientationPortraitUpsideDown UIInterfaceOrientationLandscapeLeft UIInterfaceOrientationLandscapeRight";
				INFOPLIST_KEY_UISupportedInterfaceOrientations_iPhone = "UIInterfaceOrientationPortrait UIInterfaceOrientationLandscapeLeft UIInterfaceOrientationLandscapeRight";
				LD_RUNPATH_SEARCH_PATHS = (
					"$(inherited)",
					"@executable_path/Frameworks",
				);
				MARKETING_VERSION = 1.0;
				PRODUCT_BUNDLE_IDENTIFIER = com.CodingKovs.MyDayToday;
				PRODUCT_NAME = "$(TARGET_NAME)";
				SWIFT_EMIT_LOC_STRINGS = YES;
				SWIFT_VERSION = 5.0;
				TARGETED_DEVICE_FAMILY = "1,2";
			};
			name = Debug;
		};
		E559998B2B27402D001C20BE /* Release */ = {
			isa = XCBuildConfiguration;
			buildSettings = {
				ASSETCATALOG_COMPILER_APPICON_NAME = AppIcon;
				ASSETCATALOG_COMPILER_GLOBAL_ACCENT_COLOR_NAME = AccentColor;
				CODE_SIGN_STYLE = Automatic;
				CURRENT_PROJECT_VERSION = 1;
				DEVELOPMENT_ASSET_PATHS = "\"MyDayToday/Preview Content\"";
				DEVELOPMENT_TEAM = 5PVHGUKPAW;
				ENABLE_PREVIEWS = YES;
				GENERATE_INFOPLIST_FILE = YES;
				INFOPLIST_KEY_UIApplicationSceneManifest_Generation = YES;
				INFOPLIST_KEY_UIApplicationSupportsIndirectInputEvents = YES;
				INFOPLIST_KEY_UILaunchScreen_Generation = YES;
				INFOPLIST_KEY_UISupportedInterfaceOrientations_iPad = "UIInterfaceOrientationPortrait UIInterfaceOrientationPortraitUpsideDown UIInterfaceOrientationLandscapeLeft UIInterfaceOrientationLandscapeRight";
				INFOPLIST_KEY_UISupportedInterfaceOrientations_iPhone = "UIInterfaceOrientationPortrait UIInterfaceOrientationLandscapeLeft UIInterfaceOrientationLandscapeRight";
				LD_RUNPATH_SEARCH_PATHS = (
					"$(inherited)",
					"@executable_path/Frameworks",
				);
				MARKETING_VERSION = 1.0;
				PRODUCT_BUNDLE_IDENTIFIER = com.CodingKovs.MyDayToday;
				PRODUCT_NAME = "$(TARGET_NAME)";
				SWIFT_EMIT_LOC_STRINGS = YES;
				SWIFT_VERSION = 5.0;
				TARGETED_DEVICE_FAMILY = "1,2";
			};
			name = Release;
		};
		E559998D2B27402D001C20BE /* Debug */ = {
			isa = XCBuildConfiguration;
			buildSettings = {
				ALWAYS_EMBED_SWIFT_STANDARD_LIBRARIES = YES;
				BUNDLE_LOADER = "$(TEST_HOST)";
				CODE_SIGN_STYLE = Automatic;
				CURRENT_PROJECT_VERSION = 1;
				DEVELOPMENT_TEAM = 5PVHGUKPAW;
				GENERATE_INFOPLIST_FILE = YES;
				IPHONEOS_DEPLOYMENT_TARGET = 17.0;
				MARKETING_VERSION = 1.0;
				PRODUCT_BUNDLE_IDENTIFIER = com.CodingKovs.MyDayTodayTests;
				PRODUCT_NAME = "$(TARGET_NAME)";
				SWIFT_EMIT_LOC_STRINGS = NO;
				SWIFT_VERSION = 5.0;
				TARGETED_DEVICE_FAMILY = "1,2";
				TEST_HOST = "$(BUILT_PRODUCTS_DIR)/MyDayToday.app/$(BUNDLE_EXECUTABLE_FOLDER_PATH)/MyDayToday";
			};
			name = Debug;
		};
		E559998E2B27402D001C20BE /* Release */ = {
			isa = XCBuildConfiguration;
			buildSettings = {
				ALWAYS_EMBED_SWIFT_STANDARD_LIBRARIES = YES;
				BUNDLE_LOADER = "$(TEST_HOST)";
				CODE_SIGN_STYLE = Automatic;
				CURRENT_PROJECT_VERSION = 1;
				DEVELOPMENT_TEAM = 5PVHGUKPAW;
				GENERATE_INFOPLIST_FILE = YES;
				IPHONEOS_DEPLOYMENT_TARGET = 17.0;
				MARKETING_VERSION = 1.0;
				PRODUCT_BUNDLE_IDENTIFIER = com.CodingKovs.MyDayTodayTests;
				PRODUCT_NAME = "$(TARGET_NAME)";
				SWIFT_EMIT_LOC_STRINGS = NO;
				SWIFT_VERSION = 5.0;
				TARGETED_DEVICE_FAMILY = "1,2";
				TEST_HOST = "$(BUILT_PRODUCTS_DIR)/MyDayToday.app/$(BUNDLE_EXECUTABLE_FOLDER_PATH)/MyDayToday";
			};
			name = Release;
		};
		E55999902B27402D001C20BE /* Debug */ = {
			isa = XCBuildConfiguration;
			buildSettings = {
				ALWAYS_EMBED_SWIFT_STANDARD_LIBRARIES = YES;
				CODE_SIGN_STYLE = Automatic;
				CURRENT_PROJECT_VERSION = 1;
				DEVELOPMENT_TEAM = 5PVHGUKPAW;
				GENERATE_INFOPLIST_FILE = YES;
				MARKETING_VERSION = 1.0;
				PRODUCT_BUNDLE_IDENTIFIER = com.CodingKovs.MyDayTodayUITests;
				PRODUCT_NAME = "$(TARGET_NAME)";
				SWIFT_EMIT_LOC_STRINGS = NO;
				SWIFT_VERSION = 5.0;
				TARGETED_DEVICE_FAMILY = "1,2";
				TEST_TARGET_NAME = MyDayToday;
			};
			name = Debug;
		};
		E55999912B27402D001C20BE /* Release */ = {
			isa = XCBuildConfiguration;
			buildSettings = {
				ALWAYS_EMBED_SWIFT_STANDARD_LIBRARIES = YES;
				CODE_SIGN_STYLE = Automatic;
				CURRENT_PROJECT_VERSION = 1;
				DEVELOPMENT_TEAM = 5PVHGUKPAW;
				GENERATE_INFOPLIST_FILE = YES;
				MARKETING_VERSION = 1.0;
				PRODUCT_BUNDLE_IDENTIFIER = com.CodingKovs.MyDayTodayUITests;
				PRODUCT_NAME = "$(TARGET_NAME)";
				SWIFT_EMIT_LOC_STRINGS = NO;
				SWIFT_VERSION = 5.0;
				TARGETED_DEVICE_FAMILY = "1,2";
				TEST_TARGET_NAME = MyDayToday;
			};
			name = Release;
		};
/* End XCBuildConfiguration section */

/* Begin XCConfigurationList section */
		E559995E2B27402B001C20BE /* Build configuration list for PBXProject "MyDayToday" */ = {
			isa = XCConfigurationList;
			buildConfigurations = (
				E55999872B27402D001C20BE /* Debug */,
				E55999882B27402D001C20BE /* Release */,
			);
			defaultConfigurationIsVisible = 0;
			defaultConfigurationName = Release;
		};
		E55999892B27402D001C20BE /* Build configuration list for PBXNativeTarget "MyDayToday" */ = {
			isa = XCConfigurationList;
			buildConfigurations = (
				E559998A2B27402D001C20BE /* Debug */,
				E559998B2B27402D001C20BE /* Release */,
			);
			defaultConfigurationIsVisible = 0;
			defaultConfigurationName = Release;
		};
		E559998C2B27402D001C20BE /* Build configuration list for PBXNativeTarget "MyDayTodayTests" */ = {
			isa = XCConfigurationList;
			buildConfigurations = (
				E559998D2B27402D001C20BE /* Debug */,
				E559998E2B27402D001C20BE /* Release */,
			);
			defaultConfigurationIsVisible = 0;
			defaultConfigurationName = Release;
		};
		E559998F2B27402D001C20BE /* Build configuration list for PBXNativeTarget "MyDayTodayUITests" */ = {
			isa = XCConfigurationList;
			buildConfigurations = (
				E55999902B27402D001C20BE /* Debug */,
				E55999912B27402D001C20BE /* Release */,
			);
			defaultConfigurationIsVisible = 0;
			defaultConfigurationName = Release;
		};
/* End XCConfigurationList section */
	};
	rootObject = E559995B2B27402B001C20BE /* Project object */;
}
